
Microsoft Visual Studio Solution File, Format Version 12.00
# Visual Studio Version 17
VisualStudioVersion = 17.3.32825.248
MinimumVisualStudioVersion = 10.0.40219.1
Project("{9A19103F-16F7-4668-BE54-9A1E7A4F7556}") = "DotenetProject", "DotenetProject\DotenetProject.csproj", "{D70F2F63-A566-4E70-82DA-F95CE320C0DC}"
EndProject
Project("{FAE04EC0-301F-11D3-BF4B-00C04F79EFBC}") = "Solid.core", "Solid.core\Solid.core.csproj", "{202A9F82-94E8-4E17-B525-1875940668F4}"
EndProject
Project("{FAE04EC0-301F-11D3-BF4B-00C04F79EFBC}") = "Solid.Data", "Solid.Data\Solid.Data.csproj", "{B21C9D23-7570-4D56-BEE8-C33ECE627BB1}"
EndProject
Project("{FAE04EC0-301F-11D3-BF4B-00C04F79EFBC}") = "Solid.Service", "Solid.Service\Solid.Service.csproj", "{7103EB03-FCC6-4B41-9AAF-A2EAF35C4EB0}"
EndProject
Global
	GlobalSection(SolutionConfigurationPlatforms) = preSolution
		Debug|Any CPU = Debug|Any CPU
		Release|Any CPU = Release|Any CPU
	EndGlobalSection
	GlobalSection(ProjectConfigurationPlatforms) = postSolution
		{D70F2F63-A566-4E70-82DA-F95CE320C0DC}.Debug|Any CPU.ActiveCfg = Debug|Any CPU
		{D70F2F63-A566-4E70-82DA-F95CE320C0DC}.Debug|Any CPU.Build.0 = Debug|Any CPU
		{D70F2F63-A566-4E70-82DA-F95CE320C0DC}.Release|Any CPU.ActiveCfg = Release|Any CPU
		{D70F2F63-A566-4E70-82DA-F95CE320C0DC}.Release|Any CPU.Build.0 = Release|Any CPU
		{202A9F82-94E8-4E17-B525-1875940668F4}.Debug|Any CPU.ActiveCfg = Debug|Any CPU
		{202A9F82-94E8-4E17-B525-1875940668F4}.Debug|Any CPU.Build.0 = Debug|Any CPU
		{202A9F82-94E8-4E17-B525-1875940668F4}.Release|Any CPU.ActiveCfg = Release|Any CPU
		{202A9F82-94E8-4E17-B525-1875940668F4}.Release|Any CPU.Build.0 = Release|Any CPU
		{B21C9D23-7570-4D56-BEE8-C33ECE627BB1}.Debug|Any CPU.ActiveCfg = Debug|Any CPU
		{B21C9D23-7570-4D56-BEE8-C33ECE627BB1}.Debug|Any CPU.Build.0 = Debug|Any CPU
		{B21C9D23-7570-4D56-BEE8-C33ECE627BB1}.Release|Any CPU.ActiveCfg = Release|Any CPU
		{B21C9D23-7570-4D56-BEE8-C33ECE627BB1}.Release|Any CPU.Build.0 = Release|Any CPU
		{7103EB03-FCC6-4B41-9AAF-A2EAF35C4EB0}.Debug|Any CPU.ActiveCfg = Debug|Any CPU
		{7103EB03-FCC6-4B41-9AAF-A2EAF35C4EB0}.Debug|Any CPU.Build.0 = Debug|Any CPU
		{7103EB03-FCC6-4B41-9AAF-A2EAF35C4EB0}.Release|Any CPU.ActiveCfg = Release|Any CPU
		{7103EB03-FCC6-4B41-9AAF-A2EAF35C4EB0}.Release|Any CPU.Build.0 = Release|Any CPU
	EndGlobalSection
	GlobalSection(SolutionProperties) = preSolution
		HideSolutionNode = FALSE
	EndGlobalSection
	GlobalSection(ExtensibilityGlobals) = postSolution
		SolutionGuid = {5A271F6B-1FFF-424F-8486-4A90173FF7FF}
	EndGlobalSection
EndGlobal
